
Microsoft Visual Studio Solution File, Format Version 12.00
# Visual Studio 14
VisualStudioVersion = 14.0.23107.0
MinimumVisualStudioVersion = 10.0.40219.1
Project("{FAE04EC0-301F-11D3-BF4B-00C04F79EFBC}") = "Mvc5Blog", "Mvc5Blog\Mvc5Blog.csproj", "{0624C68E-F17F-4B57-92B2-27E1D41B301E}"
EndProject
Global
	GlobalSection(SolutionConfigurationPlatforms) = preSolution
		Debug|Any CPU = Debug|Any CPU
		Release|Any CPU = Release|Any CPU
	EndGlobalSection
	GlobalSection(ProjectConfigurationPlatforms) = postSolution
		{0624C68E-F17F-4B57-92B2-27E1D41B301E}.Debug|Any CPU.ActiveCfg = Debug|Any CPU
		{0624C68E-F17F-4B57-92B2-27E1D41B301E}.Debug|Any CPU.Build.0 = Debug|Any CPU
		{0624C68E-F17F-4B57-92B2-27E1D41B301E}.Release|Any CPU.ActiveCfg = Release|Any CPU
		{0624C68E-F17F-4B57-92B2-27E1D41B301E}.Release|Any CPU.Build.0 = Release|Any CPU
	EndGlobalSection
	GlobalSection(SolutionProperties) = preSolution
		HideSolutionNode = FALSE
	EndGlobalSection
EndGlobal
